
Microsoft Visual Studio Solution File, Format Version 12.00
# Visual Studio 2012
Project("{FAE04EC0-301F-11D3-BF4B-00C04F79EFBC}") = "sdkGetDirectionsWP8CS", "sdkGetDirectionsWP8CS\sdkGetDirectionsWP8CS.csproj", "{33EFB772-900B-4932-A08B-8DC9C818E634}"
EndProject
Project("{FAE04EC0-301F-11D3-BF4B-00C04F79EFBC}") = "sdkGiveDirectionsWP8CS", "sdkGiveDirectionsWP8CS\sdkGiveDirectionsWP8CS.csproj", "{F7E79694-CB83-481C-981A-59F4EA6687B0}"
EndProject
Global
	GlobalSection(SolutionConfigurationPlatforms) = preSolution
		Debug|Any CPU = Debug|Any CPU
		Debug|ARM = Debug|ARM
		Debug|x86 = Debug|x86
		Release|Any CPU = Release|Any CPU
		Release|ARM = Release|ARM
		Release|x86 = Release|x86
	EndGlobalSection
	GlobalSection(ProjectConfigurationPlatforms) = postSolution
		{33EFB772-900B-4932-A08B-8DC9C818E634}.Debug|Any CPU.ActiveCfg = Debug|Any CPU
		{33EFB772-900B-4932-A08B-8DC9C818E634}.Debug|Any CPU.Build.0 = Debug|Any CPU
		{33EFB772-900B-4932-A08B-8DC9C818E634}.Debug|Any CPU.Deploy.0 = Debug|Any CPU
		{33EFB772-900B-4932-A08B-8DC9C818E634}.Debug|ARM.ActiveCfg = Debug|ARM
		{33EFB772-900B-4932-A08B-8DC9C818E634}.Debug|ARM.Build.0 = Debug|ARM
		{33EFB772-900B-4932-A08B-8DC9C818E634}.Debug|ARM.Deploy.0 = Debug|ARM
		{33EFB772-900B-4932-A08B-8DC9C818E634}.Debug|x86.ActiveCfg = Debug|x86
		{33EFB772-900B-4932-A08B-8DC9C818E634}.Debug|x86.Build.0 = Debug|x86
		{33EFB772-900B-4932-A08B-8DC9C818E634}.Debug|x86.Deploy.0 = Debug|x86
		{33EFB772-900B-4932-A08B-8DC9C818E634}.Release|Any CPU.ActiveCfg = Release|Any CPU
		{33EFB772-900B-4932-A08B-8DC9C818E634}.Release|Any CPU.Build.0 = Release|Any CPU
		{33EFB772-900B-4932-A08B-8DC9C818E634}.Release|Any CPU.Deploy.0 = Release|Any CPU
		{33EFB772-900B-4932-A08B-8DC9C818E634}.Release|ARM.ActiveCfg = Release|ARM
		{33EFB772-900B-4932-A08B-8DC9C818E634}.Release|ARM.Build.0 = Release|ARM
		{33EFB772-900B-4932-A08B-8DC9C818E634}.Release|ARM.Deploy.0 = Release|ARM
		{33EFB772-900B-4932-A08B-8DC9C818E634}.Release|x86.ActiveCfg = Release|x86
		{33EFB772-900B-4932-A08B-8DC9C818E634}.Release|x86.Build.0 = Release|x86
		{33EFB772-900B-4932-A08B-8DC9C818E634}.Release|x86.Deploy.0 = Release|x86
		{F7E79694-CB83-481C-981A-59F4EA6687B0}.Debug|Any CPU.ActiveCfg = Debug|Any CPU
		{F7E79694-CB83-481C-981A-59F4EA6687B0}.Debug|Any CPU.Build.0 = Debug|Any CPU
		{F7E79694-CB83-481C-981A-59F4EA6687B0}.Debug|Any CPU.Deploy.0 = Debug|Any CPU
		{F7E79694-CB83-481C-981A-59F4EA6687B0}.Debug|ARM.ActiveCfg = Debug|ARM
		{F7E79694-CB83-481C-981A-59F4EA6687B0}.Debug|ARM.Build.0 = Debug|ARM
		{F7E79694-CB83-481C-981A-59F4EA6687B0}.Debug|ARM.Deploy.0 = Debug|ARM
		{F7E79694-CB83-481C-981A-59F4EA6687B0}.Debug|x86.ActiveCfg = Debug|x86
		{F7E79694-CB83-481C-981A-59F4EA6687B0}.Debug|x86.Build.0 = Debug|x86
		{F7E79694-CB83-481C-981A-59F4EA6687B0}.Debug|x86.Deploy.0 = Debug|x86
		{F7E79694-CB83-481C-981A-59F4EA6687B0}.Release|Any CPU.ActiveCfg = Release|Any CPU
		{F7E79694-CB83-481C-981A-59F4EA6687B0}.Release|Any CPU.Build.0 = Release|Any CPU
		{F7E79694-CB83-481C-981A-59F4EA6687B0}.Release|Any CPU.Deploy.0 = Release|Any CPU
		{F7E79694-CB83-481C-981A-59F4EA6687B0}.Release|ARM.ActiveCfg = Release|ARM
		{F7E79694-CB83-481C-981A-59F4EA6687B0}.Release|ARM.Build.0 = Release|ARM
		{F7E79694-CB83-481C-981A-59F4EA6687B0}.Release|ARM.Deploy.0 = Release|ARM
		{F7E79694-CB83-481C-981A-59F4EA6687B0}.Release|x86.ActiveCfg = Release|x86
		{F7E79694-CB83-481C-981A-59F4EA6687B0}.Release|x86.Build.0 = Release|x86
		{F7E79694-CB83-481C-981A-59F4EA6687B0}.Release|x86.Deploy.0 = Release|x86
	EndGlobalSection
	GlobalSection(SolutionProperties) = preSolution
		HideSolutionNode = FALSE
	EndGlobalSection
EndGlobal
