
Microsoft Visual Studio Solution File, Format Version 12.00
# Visual Studio Express 2012 for Windows Phone
Project("{FAE04EC0-301F-11D3-BF4B-00C04F79EFBC}") = "MapInteraction", "MapInteraction\MapInteraction.csproj", "{DF93D400-3ED8-470A-90C9-41F9BD044A4A}"
EndProject
Global
	GlobalSection(SolutionConfigurationPlatforms) = preSolution
		Debug|ARM = Debug|ARM
		Debug|Any CPU = Debug|Any CPU
		Debug|x86 = Debug|x86
		Release|ARM = Release|ARM
		Release|Any CPU = Release|Any CPU
		Release|x86 = Release|x86
	EndGlobalSection
	GlobalSection(ProjectConfigurationPlatforms) = postSolution
		{DF93D400-3ED8-470A-90C9-41F9BD044A4A}.Debug|ARM.ActiveCfg = Debug|ARM
		{DF93D400-3ED8-470A-90C9-41F9BD044A4A}.Debug|ARM.Build.0 = Debug|ARM
		{DF93D400-3ED8-470A-90C9-41F9BD044A4A}.Debug|ARM.Deploy.0 = Debug|ARM
		{DF93D400-3ED8-470A-90C9-41F9BD044A4A}.Debug|Any CPU.ActiveCfg = Debug|Any CPU
		{DF93D400-3ED8-470A-90C9-41F9BD044A4A}.Debug|Any CPU.Build.0 = Debug|Any CPU
		{DF93D400-3ED8-470A-90C9-41F9BD044A4A}.Debug|Any CPU.Deploy.0 = Debug|Any CPU
		{DF93D400-3ED8-470A-90C9-41F9BD044A4A}.Debug|x86.ActiveCfg = Debug|x86
		{DF93D400-3ED8-470A-90C9-41F9BD044A4A}.Debug|x86.Build.0 = Debug|x86
		{DF93D400-3ED8-470A-90C9-41F9BD044A4A}.Debug|x86.Deploy.0 = Debug|x86
		{DF93D400-3ED8-470A-90C9-41F9BD044A4A}.Release|ARM.ActiveCfg = Release|ARM
		{DF93D400-3ED8-470A-90C9-41F9BD044A4A}.Release|ARM.Build.0 = Release|ARM
		{DF93D400-3ED8-470A-90C9-41F9BD044A4A}.Release|ARM.Deploy.0 = Release|ARM
		{DF93D400-3ED8-470A-90C9-41F9BD044A4A}.Release|Any CPU.ActiveCfg = Release|Any CPU
		{DF93D400-3ED8-470A-90C9-41F9BD044A4A}.Release|Any CPU.Build.0 = Release|Any CPU
		{DF93D400-3ED8-470A-90C9-41F9BD044A4A}.Release|Any CPU.Deploy.0 = Release|Any CPU
		{DF93D400-3ED8-470A-90C9-41F9BD044A4A}.Release|x86.ActiveCfg = Release|x86
		{DF93D400-3ED8-470A-90C9-41F9BD044A4A}.Release|x86.Build.0 = Release|x86
		{DF93D400-3ED8-470A-90C9-41F9BD044A4A}.Release|x86.Deploy.0 = Release|x86
	EndGlobalSection
	GlobalSection(SolutionProperties) = preSolution
		HideSolutionNode = FALSE
	EndGlobalSection
EndGlobal
